
Microsoft Visual Studio Solution File, Format Version 12.00
# Visual Studio Version 17
VisualStudioVersion = 17.1.32228.430
MinimumVisualStudioVersion = 10.0.40219.1
Project("{FAE04EC0-301F-11D3-BF4B-00C04F79EFBC}") = "APIProducts", "APIProducts\APIProducts.csproj", "{BAA5F75E-FCA3-4014-9BB3-3CA28B5F7698}"
EndProject
Project("{FAE04EC0-301F-11D3-BF4B-00C04F79EFBC}") = "UnitTesting", "UnitTesting\UnitTesting.csproj", "{CC17935A-FDA9-42B7-AE43-A1C91191DD72}"
EndProject
Global
	GlobalSection(SolutionConfigurationPlatforms) = preSolution
		Debug|Any CPU = Debug|Any CPU
		Release|Any CPU = Release|Any CPU
	EndGlobalSection
	GlobalSection(ProjectConfigurationPlatforms) = postSolution
		{BAA5F75E-FCA3-4014-9BB3-3CA28B5F7698}.Debug|Any CPU.ActiveCfg = Debug|Any CPU
		{BAA5F75E-FCA3-4014-9BB3-3CA28B5F7698}.Debug|Any CPU.Build.0 = Debug|Any CPU
		{BAA5F75E-FCA3-4014-9BB3-3CA28B5F7698}.Release|Any CPU.ActiveCfg = Release|Any CPU
		{BAA5F75E-FCA3-4014-9BB3-3CA28B5F7698}.Release|Any CPU.Build.0 = Release|Any CPU
		{CC17935A-FDA9-42B7-AE43-A1C91191DD72}.Debug|Any CPU.ActiveCfg = Debug|Any CPU
		{CC17935A-FDA9-42B7-AE43-A1C91191DD72}.Debug|Any CPU.Build.0 = Debug|Any CPU
		{CC17935A-FDA9-42B7-AE43-A1C91191DD72}.Release|Any CPU.ActiveCfg = Release|Any CPU
		{CC17935A-FDA9-42B7-AE43-A1C91191DD72}.Release|Any CPU.Build.0 = Release|Any CPU
	EndGlobalSection
	GlobalSection(SolutionProperties) = preSolution
		HideSolutionNode = FALSE
	EndGlobalSection
	GlobalSection(ExtensibilityGlobals) = postSolution
		SolutionGuid = {22E08A13-C063-4330-9863-21A62030A094}
	EndGlobalSection
EndGlobal
